// !$*UTF8*$!
{
	archiveVersion = 1;
	classes = {
	};
	objectVersion = 77;
	objects = {

/* Begin PBXBuildFile section */
		7628388C2EB1CB23005E07C6 /* Session in Frameworks */ = {isa = PBXBuildFile; productRef = 7628388B2EB1CB23005E07C6 /* Session */; };
		762838972EB1DD16005E07C6 /* Navigation in Frameworks */ = {isa = PBXBuildFile; productRef = 762838962EB1DD16005E07C6 /* Navigation */; };
		7645A11D2EA2163800AA72C4 /* Domain in Frameworks */ = {isa = PBXBuildFile; productRef = 7645A11C2EA2163800AA72C4 /* Domain */; };
		7645A11F2EA2163B00AA72C4 /* Services in Frameworks */ = {isa = PBXBuildFile; productRef = 7645A11E2EA2163B00AA72C4 /* Services */; };
		764AB5FD2EA05AED0014A0BD /* Obsidian in Frameworks */ = {isa = PBXBuildFile; productRef = 764AB5FC2EA05AED0014A0BD /* Obsidian */; };
		769570F72EA22169002C72E2 /* Commons in Frameworks */ = {isa = PBXBuildFile; productRef = 769570F62EA22169002C72E2 /* Commons */; };
		76DA3FB12EA1F06F00699659 /* DependencyInjection in Frameworks */ = {isa = PBXBuildFile; productRef = 76DA3FB02EA1F06F00699659 /* DependencyInjection */; };
		76DA3FB42EA1F26400699659 /* Networking in Frameworks */ = {isa = PBXBuildFile; productRef = 76DA3FB32EA1F26400699659 /* Networking */; };
/* End PBXBuildFile section */

/* Begin PBXFileReference section */
		7628388A2EB1C9BB005E07C6 /* Session */ = {isa = PBXFileReference; lastKnownFileType = wrapper; path = Session; sourceTree = "<group>"; };
		762838942EB1DAAB005E07C6 /* Navigation */ = {isa = PBXFileReference; lastKnownFileType = wrapper; path = Navigation; sourceTree = "<group>"; };
		7645A1192EA212FA00AA72C4 /* Domain */ = {isa = PBXFileReference; lastKnownFileType = wrapper; path = Domain; sourceTree = "<group>"; };
		7645A11A2EA214F600AA72C4 /* Services */ = {isa = PBXFileReference; lastKnownFileType = wrapper; path = Services; sourceTree = "<group>"; };
		7645A1212EA21F4700AA72C4 /* Commons */ = {isa = PBXFileReference; lastKnownFileType = wrapper; path = Commons; sourceTree = "<group>"; };
		7674A4132E9CEE900071CF0F /* DependencyInjection */ = {isa = PBXFileReference; lastKnownFileType = wrapper; path = DependencyInjection; sourceTree = "<group>"; };
		76B311682EA054C100350E48 /* Networking */ = {isa = PBXFileReference; lastKnownFileType = wrapper; path = Networking; sourceTree = "<group>"; };
		76B311692EA0554400350E48 /* Obsidian */ = {isa = PBXFileReference; lastKnownFileType = wrapper; path = Obsidian; sourceTree = "<group>"; };
		76C565612E9CEB7D00B90630 /* Meritus.app */ = {isa = PBXFileReference; explicitFileType = wrapper.application; includeInIndex = 0; path = Meritus.app; sourceTree = BUILT_PRODUCTS_DIR; };
/* End PBXFileReference section */

/* Begin PBXFileSystemSynchronizedRootGroup section */
		76C565632E9CEB7D00B90630 /* Meritus */ = {
			isa = PBXFileSystemSynchronizedRootGroup;
			path = Meritus;
			sourceTree = "<group>";
		};
/* End PBXFileSystemSynchronizedRootGroup section */

/* Begin PBXFrameworksBuildPhase section */
		76C5655E2E9CEB7D00B90630 /* Frameworks */ = {
			isa = PBXFrameworksBuildPhase;
			buildActionMask = 2147483647;
			files = (
				7645A11F2EA2163B00AA72C4 /* Services in Frameworks */,
				76DA3FB42EA1F26400699659 /* Networking in Frameworks */,
				762838972EB1DD16005E07C6 /* Navigation in Frameworks */,
				764AB5FD2EA05AED0014A0BD /* Obsidian in Frameworks */,
				769570F72EA22169002C72E2 /* Commons in Frameworks */,
				7645A11D2EA2163800AA72C4 /* Domain in Frameworks */,
				7628388C2EB1CB23005E07C6 /* Session in Frameworks */,
				76DA3FB12EA1F06F00699659 /* DependencyInjection in Frameworks */,
			);
			runOnlyForDeploymentPostprocessing = 0;
		};
/* End PBXFrameworksBuildPhase section */

/* Begin PBXGroup section */
		7674A4122E9CEE430071CF0F /* Packages */ = {
			isa = PBXGroup;
			children = (
				762838942EB1DAAB005E07C6 /* Navigation */,
				7628388A2EB1C9BB005E07C6 /* Session */,
				7645A1212EA21F4700AA72C4 /* Commons */,
				7645A11A2EA214F600AA72C4 /* Services */,
				7645A1192EA212FA00AA72C4 /* Domain */,
				76B311692EA0554400350E48 /* Obsidian */,
				76B311682EA054C100350E48 /* Networking */,
				7674A4132E9CEE900071CF0F /* DependencyInjection */,
			);
			path = Packages;
			sourceTree = "<group>";
		};
		76C565582E9CEB7D00B90630 = {
			isa = PBXGroup;
			children = (
				76C565632E9CEB7D00B90630 /* Meritus */,
				76C565622E9CEB7D00B90630 /* Products */,
				7674A4122E9CEE430071CF0F /* Packages */,
			);
			sourceTree = "<group>";
		};
		76C565622E9CEB7D00B90630 /* Products */ = {
			isa = PBXGroup;
			children = (
				76C565612E9CEB7D00B90630 /* Meritus.app */,
			);
			name = Products;
			sourceTree = "<group>";
		};
/* End PBXGroup section */

/* Begin PBXNativeTarget section */
		76C565602E9CEB7D00B90630 /* Meritus */ = {
			isa = PBXNativeTarget;
			buildConfigurationList = 76C5656C2E9CEB7E00B90630 /* Build configuration list for PBXNativeTarget "Meritus" */;
			buildPhases = (
				76C5655D2E9CEB7D00B90630 /* Sources */,
				76C5655E2E9CEB7D00B90630 /* Frameworks */,
				76C5655F2E9CEB7D00B90630 /* Resources */,
			);
			buildRules = (
			);
			dependencies = (
			);
			fileSystemSynchronizedGroups = (
				76C565632E9CEB7D00B90630 /* Meritus */,
			);
			name = Meritus;
			packageProductDependencies = (
				764AB5FC2EA05AED0014A0BD /* Obsidian */,
				76DA3FB02EA1F06F00699659 /* DependencyInjection */,
				76DA3FB32EA1F26400699659 /* Networking */,
				7645A11C2EA2163800AA72C4 /* Domain */,
				7645A11E2EA2163B00AA72C4 /* Services */,
				769570F62EA22169002C72E2 /* Commons */,
				7628388B2EB1CB23005E07C6 /* Session */,
				762838962EB1DD16005E07C6 /* Navigation */,
			);
			productName = Meritus;
			productReference = 76C565612E9CEB7D00B90630 /* Meritus.app */;
			productType = "com.apple.product-type.application";
		};
/* End PBXNativeTarget section */

/* Begin PBXProject section */
		76C565592E9CEB7D00B90630 /* Project object */ = {
			isa = PBXProject;
			attributes = {
				BuildIndependentTargetsInParallel = 1;
				LastSwiftUpdateCheck = 2600;
				LastUpgradeCheck = 2600;
				TargetAttributes = {
					76C565602E9CEB7D00B90630 = {
						CreatedOnToolsVersion = 26.0.1;
					};
				};
			};
			buildConfigurationList = 76C5655C2E9CEB7D00B90630 /* Build configuration list for PBXProject "Meritus" */;
			developmentRegion = en;
			hasScannedForEncodings = 0;
			knownRegions = (
				en,
				Base,
			);
			mainGroup = 76C565582E9CEB7D00B90630;
			minimizedProjectReferenceProxies = 1;
			preferredProjectObjectVersion = 77;
			productRefGroup = 76C565622E9CEB7D00B90630 /* Products */;
			projectDirPath = "";
			projectRoot = "";
			targets = (
				76C565602E9CEB7D00B90630 /* Meritus */,
			);
		};
/* End PBXProject section */

/* Begin PBXResourcesBuildPhase section */
		76C5655F2E9CEB7D00B90630 /* Resources */ = {
			isa = PBXResourcesBuildPhase;
			buildActionMask = 2147483647;
			files = (
			);
			runOnlyForDeploymentPostprocessing = 0;
		};
/* End PBXResourcesBuildPhase section */

/* Begin PBXSourcesBuildPhase section */
		76C5655D2E9CEB7D00B90630 /* Sources */ = {
			isa = PBXSourcesBuildPhase;
			buildActionMask = 2147483647;
			files = (
			);
			runOnlyForDeploymentPostprocessing = 0;
		};
/* End PBXSourcesBuildPhase section */

/* Begin XCBuildConfiguration section */
		76C5656A2E9CEB7E00B90630 /* Debug */ = {
			isa = XCBuildConfiguration;
			buildSettings = {
				ALWAYS_SEARCH_USER_PATHS = NO;
				ASSETCATALOG_COMPILER_GENERATE_SWIFT_ASSET_SYMBOL_EXTENSIONS = YES;
				CLANG_ANALYZER_NONNULL = YES;
				CLANG_ANALYZER_NUMBER_OBJECT_CONVERSION = YES_AGGRESSIVE;
				CLANG_CXX_LANGUAGE_STANDARD = "gnu++20";
				CLANG_ENABLE_MODULES = YES;
				CLANG_ENABLE_OBJC_ARC = YES;
				CLANG_ENABLE_OBJC_WEAK = YES;
				CLANG_WARN_BLOCK_CAPTURE_AUTORELEASING = YES;
				CLANG_WARN_BOOL_CONVERSION = YES;
				CLANG_WARN_COMMA = YES;
				CLANG_WARN_CONSTANT_CONVERSION = YES;
				CLANG_WARN_DEPRECATED_OBJC_IMPLEMENTATIONS = YES;
				CLANG_WARN_DIRECT_OBJC_ISA_USAGE = YES_ERROR;
				CLANG_WARN_DOCUMENTATION_COMMENTS = YES;
				CLANG_WARN_EMPTY_BODY = YES;
				CLANG_WARN_ENUM_CONVERSION = YES;
				CLANG_WARN_INFINITE_RECURSION = YES;
				CLANG_WARN_INT_CONVERSION = YES;
				CLANG_WARN_NON_LITERAL_NULL_CONVERSION = YES;
				CLANG_WARN_OBJC_IMPLICIT_RETAIN_SELF = YES;
				CLANG_WARN_OBJC_LITERAL_CONVERSION = YES;
				CLANG_WARN_OBJC_ROOT_CLASS = YES_ERROR;
				CLANG_WARN_QUOTED_INCLUDE_IN_FRAMEWORK_HEADER = YES;
				CLANG_WARN_RANGE_LOOP_ANALYSIS = YES;
				CLANG_WARN_STRICT_PROTOTYPES = YES;
				CLANG_WARN_SUSPICIOUS_MOVE = YES;
				CLANG_WARN_UNGUARDED_AVAILABILITY = YES_AGGRESSIVE;
				CLANG_WARN_UNREACHABLE_CODE = YES;
				CLANG_WARN__DUPLICATE_METHOD_MATCH = YES;
				COPY_PHASE_STRIP = NO;
				DEBUG_INFORMATION_FORMAT = dwarf;
				DEVELOPMENT_TEAM = TTQJV7Y969;
				ENABLE_STRICT_OBJC_MSGSEND = YES;
				ENABLE_TESTABILITY = YES;
				ENABLE_USER_SCRIPT_SANDBOXING = YES;
				GCC_C_LANGUAGE_STANDARD = gnu17;
				GCC_DYNAMIC_NO_PIC = NO;
				GCC_NO_COMMON_BLOCKS = YES;
				GCC_OPTIMIZATION_LEVEL = 0;
				GCC_PREPROCESSOR_DEFINITIONS = (
					"DEBUG=1",
					"$(inherited)",
				);
				GCC_WARN_64_TO_32_BIT_CONVERSION = YES;
				GCC_WARN_ABOUT_RETURN_TYPE = YES_ERROR;
				GCC_WARN_UNDECLARED_SELECTOR = YES;
				GCC_WARN_UNINITIALIZED_AUTOS = YES_AGGRESSIVE;
				GCC_WARN_UNUSED_FUNCTION = YES;
				GCC_WARN_UNUSED_VARIABLE = YES;
				IPHONEOS_DEPLOYMENT_TARGET = 26.0;
				LOCALIZATION_PREFERS_STRING_CATALOGS = YES;
				MTL_ENABLE_DEBUG_INFO = INCLUDE_SOURCE;
				MTL_FAST_MATH = YES;
				ONLY_ACTIVE_ARCH = YES;
				SDKROOT = iphoneos;
				SWIFT_ACTIVE_COMPILATION_CONDITIONS = "DEBUG $(inherited)";
				SWIFT_OPTIMIZATION_LEVEL = "-Onone";
				SWIFT_VERSION = 6.0;
			};
			name = Debug;
		};
		76C5656B2E9CEB7E00B90630 /* Release */ = {
			isa = XCBuildConfiguration;
			buildSettings = {
				ALWAYS_SEARCH_USER_PATHS = NO;
				ASSETCATALOG_COMPILER_GENERATE_SWIFT_ASSET_SYMBOL_EXTENSIONS = YES;
				CLANG_ANALYZER_NONNULL = YES;
				CLANG_ANALYZER_NUMBER_OBJECT_CONVERSION = YES_AGGRESSIVE;
				CLANG_CXX_LANGUAGE_STANDARD = "gnu++20";
				CLANG_ENABLE_MODULES = YES;
				CLANG_ENABLE_OBJC_ARC = YES;
				CLANG_ENABLE_OBJC_WEAK = YES;
				CLANG_WARN_BLOCK_CAPTURE_AUTORELEASING = YES;
				CLANG_WARN_BOOL_CONVERSION = YES;
				CLANG_WARN_COMMA = YES;
				CLANG_WARN_CONSTANT_CONVERSION = YES;
				CLANG_WARN_DEPRECATED_OBJC_IMPLEMENTATIONS = YES;
				CLANG_WARN_DIRECT_OBJC_ISA_USAGE = YES_ERROR;
				CLANG_WARN_DOCUMENTATION_COMMENTS = YES;
				CLANG_WARN_EMPTY_BODY = YES;
				CLANG_WARN_ENUM_CONVERSION = YES;
				CLANG_WARN_INFINITE_RECURSION = YES;
				CLANG_WARN_INT_CONVERSION = YES;
				CLANG_WARN_NON_LITERAL_NULL_CONVERSION = YES;
				CLANG_WARN_OBJC_IMPLICIT_RETAIN_SELF = YES;
				CLANG_WARN_OBJC_LITERAL_CONVERSION = YES;
				CLANG_WARN_OBJC_ROOT_CLASS = YES_ERROR;
				CLANG_WARN_QUOTED_INCLUDE_IN_FRAMEWORK_HEADER = YES;
				CLANG_WARN_RANGE_LOOP_ANALYSIS = YES;
				CLANG_WARN_STRICT_PROTOTYPES = YES;
				CLANG_WARN_SUSPICIOUS_MOVE = YES;
				CLANG_WARN_UNGUARDED_AVAILABILITY = YES_AGGRESSIVE;
				CLANG_WARN_UNREACHABLE_CODE = YES;
				CLANG_WARN__DUPLICATE_METHOD_MATCH = YES;
				COPY_PHASE_STRIP = NO;
				DEBUG_INFORMATION_FORMAT = "dwarf-with-dsym";
				DEVELOPMENT_TEAM = TTQJV7Y969;
				ENABLE_NS_ASSERTIONS = NO;
				ENABLE_STRICT_OBJC_MSGSEND = YES;
				ENABLE_USER_SCRIPT_SANDBOXING = YES;
				GCC_C_LANGUAGE_STANDARD = gnu17;
				GCC_NO_COMMON_BLOCKS = YES;
				GCC_WARN_64_TO_32_BIT_CONVERSION = YES;
				GCC_WARN_ABOUT_RETURN_TYPE = YES_ERROR;
				GCC_WARN_UNDECLARED_SELECTOR = YES;
				GCC_WARN_UNINITIALIZED_AUTOS = YES_AGGRESSIVE;
				GCC_WARN_UNUSED_FUNCTION = YES;
				GCC_WARN_UNUSED_VARIABLE = YES;
				IPHONEOS_DEPLOYMENT_TARGET = 26.0;
				LOCALIZATION_PREFERS_STRING_CATALOGS = YES;
				MTL_ENABLE_DEBUG_INFO = NO;
				MTL_FAST_MATH = YES;
				SDKROOT = iphoneos;
				SWIFT_COMPILATION_MODE = wholemodule;
				SWIFT_VERSION = 6.0;
				VALIDATE_PRODUCT = YES;
			};
			name = Release;
		};
		76C5656D2E9CEB7E00B90630 /* Debug */ = {
			isa = XCBuildConfiguration;
			buildSettings = {
				ASSETCATALOG_COMPILER_APPICON_NAME = AppIcon;
				ASSETCATALOG_COMPILER_GLOBAL_ACCENT_COLOR_NAME = AccentColor;
				CODE_SIGN_STYLE = Automatic;
				CURRENT_PROJECT_VERSION = 1;
				DEVELOPMENT_TEAM = TTQJV7Y969;
				ENABLE_PREVIEWS = YES;
				GENERATE_INFOPLIST_FILE = YES;
				INFOPLIST_KEY_UIApplicationSceneManifest_Generation = YES;
				INFOPLIST_KEY_UIApplicationSupportsIndirectInputEvents = YES;
				INFOPLIST_KEY_UILaunchScreen_Generation = YES;
				INFOPLIST_KEY_UISupportedInterfaceOrientations = UIInterfaceOrientationPortrait;
				INFOPLIST_KEY_UISupportedInterfaceOrientations_iPad = "UIInterfaceOrientationLandscapeLeft UIInterfaceOrientationLandscapeRight UIInterfaceOrientationPortrait UIInterfaceOrientationPortraitUpsideDown";
				LD_RUNPATH_SEARCH_PATHS = (
					"$(inherited)",
					"@executable_path/Frameworks",
				);
				MARKETING_VERSION = 1.0;
				PRODUCT_BUNDLE_IDENTIFIER = icei.puc.minas.Meritus;
				PRODUCT_NAME = "$(TARGET_NAME)";
				STRING_CATALOG_GENERATE_SYMBOLS = YES;
				SUPPORTED_PLATFORMS = "iphoneos iphonesimulator";
				SUPPORTS_MACCATALYST = NO;
				SUPPORTS_MAC_DESIGNED_FOR_IPHONE_IPAD = NO;
				SUPPORTS_XR_DESIGNED_FOR_IPHONE_IPAD = NO;
				SWIFT_APPROACHABLE_CONCURRENCY = YES;
				SWIFT_DEFAULT_ACTOR_ISOLATION = nonisolated;
				SWIFT_EMIT_LOC_STRINGS = YES;
				SWIFT_UPCOMING_FEATURE_MEMBER_IMPORT_VISIBILITY = YES;
				SWIFT_VERSION = 6.0;
				TARGETED_DEVICE_FAMILY = 1;
			};
			name = Debug;
		};
		76C5656E2E9CEB7E00B90630 /* Release */ = {
			isa = XCBuildConfiguration;
			buildSettings = {
				ASSETCATALOG_COMPILER_APPICON_NAME = AppIcon;
				ASSETCATALOG_COMPILER_GLOBAL_ACCENT_COLOR_NAME = AccentColor;
				CODE_SIGN_STYLE = Automatic;
				CURRENT_PROJECT_VERSION = 1;
				DEVELOPMENT_TEAM = TTQJV7Y969;
				ENABLE_PREVIEWS = YES;
				GENERATE_INFOPLIST_FILE = YES;
				INFOPLIST_KEY_UIApplicationSceneManifest_Generation = YES;
				INFOPLIST_KEY_UIApplicationSupportsIndirectInputEvents = YES;
				INFOPLIST_KEY_UILaunchScreen_Generation = YES;
				INFOPLIST_KEY_UISupportedInterfaceOrientations = UIInterfaceOrientationPortrait;
				INFOPLIST_KEY_UISupportedInterfaceOrientations_iPad = "UIInterfaceOrientationLandscapeLeft UIInterfaceOrientationLandscapeRight UIInterfaceOrientationPortrait UIInterfaceOrientationPortraitUpsideDown";
				LD_RUNPATH_SEARCH_PATHS = (
					"$(inherited)",
					"@executable_path/Frameworks",
				);
				MARKETING_VERSION = 1.0;
				PRODUCT_BUNDLE_IDENTIFIER = icei.puc.minas.Meritus;
				PRODUCT_NAME = "$(TARGET_NAME)";
				STRING_CATALOG_GENERATE_SYMBOLS = YES;
				SUPPORTED_PLATFORMS = "iphoneos iphonesimulator";
				SUPPORTS_MACCATALYST = NO;
				SUPPORTS_MAC_DESIGNED_FOR_IPHONE_IPAD = NO;
				SUPPORTS_XR_DESIGNED_FOR_IPHONE_IPAD = NO;
				SWIFT_APPROACHABLE_CONCURRENCY = YES;
				SWIFT_DEFAULT_ACTOR_ISOLATION = nonisolated;
				SWIFT_EMIT_LOC_STRINGS = YES;
				SWIFT_UPCOMING_FEATURE_MEMBER_IMPORT_VISIBILITY = YES;
				SWIFT_VERSION = 6.0;
				TARGETED_DEVICE_FAMILY = 1;
			};
			name = Release;
		};
/* End XCBuildConfiguration section */

/* Begin XCConfigurationList section */
		76C5655C2E9CEB7D00B90630 /* Build configuration list for PBXProject "Meritus" */ = {
			isa = XCConfigurationList;
			buildConfigurations = (
				76C5656A2E9CEB7E00B90630 /* Debug */,
				76C5656B2E9CEB7E00B90630 /* Release */,
			);
			defaultConfigurationIsVisible = 0;
			defaultConfigurationName = Release;
		};
		76C5656C2E9CEB7E00B90630 /* Build configuration list for PBXNativeTarget "Meritus" */ = {
			isa = XCConfigurationList;
			buildConfigurations = (
				76C5656D2E9CEB7E00B90630 /* Debug */,
				76C5656E2E9CEB7E00B90630 /* Release */,
			);
			defaultConfigurationIsVisible = 0;
			defaultConfigurationName = Release;
		};
/* End XCConfigurationList section */

/* Begin XCSwiftPackageProductDependency section */
		7628388B2EB1CB23005E07C6 /* Session */ = {
			isa = XCSwiftPackageProductDependency;
			productName = Session;
		};
		762838962EB1DD16005E07C6 /* Navigation */ = {
			isa = XCSwiftPackageProductDependency;
			productName = Navigation;
		};
		7645A11C2EA2163800AA72C4 /* Domain */ = {
			isa = XCSwiftPackageProductDependency;
			productName = Domain;
		};
		7645A11E2EA2163B00AA72C4 /* Services */ = {
			isa = XCSwiftPackageProductDependency;
			productName = Services;
		};
		764AB5FC2EA05AED0014A0BD /* Obsidian */ = {
			isa = XCSwiftPackageProductDependency;
			productName = Obsidian;
		};
		769570F62EA22169002C72E2 /* Commons */ = {
			isa = XCSwiftPackageProductDependency;
			productName = Commons;
		};
		76DA3FB02EA1F06F00699659 /* DependencyInjection */ = {
			isa = XCSwiftPackageProductDependency;
			productName = DependencyInjection;
		};
		76DA3FB32EA1F26400699659 /* Networking */ = {
			isa = XCSwiftPackageProductDependency;
			productName = Networking;
		};
/* End XCSwiftPackageProductDependency section */
	};
	rootObject = 76C565592E9CEB7D00B90630 /* Project object */;
}
